
Microsoft Visual Studio Solution File, Format Version 12.00
# Visual Studio 15
VisualStudioVersion = 15.0.27428.2037
MinimumVisualStudioVersion = 10.0.40219.1
Project("{FAE04EC0-301F-11D3-BF4B-00C04F79EFBC}") = "TccUsjt2018", "TccUsjt2018\TccUsjt2018.csproj", "{261FC5A6-D275-438B-9BF0-E3E85FE334C6}"
EndProject
Project("{FAE04EC0-301F-11D3-BF4B-00C04F79EFBC}") = "Teste", "Teste\Teste.csproj", "{78B1A76B-D8D6-4D84-A9E2-20BE61094990}"
EndProject
Global
	GlobalSection(SolutionConfigurationPlatforms) = preSolution
		Debug|Any CPU = Debug|Any CPU
		Release|Any CPU = Release|Any CPU
	EndGlobalSection
	GlobalSection(ProjectConfigurationPlatforms) = postSolution
		{261FC5A6-D275-438B-9BF0-E3E85FE334C6}.Debug|Any CPU.ActiveCfg = Debug|Any CPU
		{261FC5A6-D275-438B-9BF0-E3E85FE334C6}.Debug|Any CPU.Build.0 = Debug|Any CPU
		{261FC5A6-D275-438B-9BF0-E3E85FE334C6}.Release|Any CPU.ActiveCfg = Release|Any CPU
		{261FC5A6-D275-438B-9BF0-E3E85FE334C6}.Release|Any CPU.Build.0 = Release|Any CPU
		{78B1A76B-D8D6-4D84-A9E2-20BE61094990}.Debug|Any CPU.ActiveCfg = Debug|Any CPU
		{78B1A76B-D8D6-4D84-A9E2-20BE61094990}.Debug|Any CPU.Build.0 = Debug|Any CPU
		{78B1A76B-D8D6-4D84-A9E2-20BE61094990}.Release|Any CPU.ActiveCfg = Release|Any CPU
		{78B1A76B-D8D6-4D84-A9E2-20BE61094990}.Release|Any CPU.Build.0 = Release|Any CPU
	EndGlobalSection
	GlobalSection(SolutionProperties) = preSolution
		HideSolutionNode = FALSE
	EndGlobalSection
	GlobalSection(ExtensibilityGlobals) = postSolution
		SolutionGuid = {6FD58D96-E0FC-4DBB-B5B2-9EE6C4D3D870}
	EndGlobalSection
EndGlobal
